
Microsoft Visual Studio Solution File, Format Version 12.00
# Visual Studio Version 16
VisualStudioVersion = 16.0.29613.14
MinimumVisualStudioVersion = 10.0.40219.1
Project("{FAE04EC0-301F-11D3-BF4B-00C04F79EFBC}") = "BwInf38Runde2Aufgabe2", "BwInf38Runde2Aufgabe2\BwInf38Runde2Aufgabe2.csproj", "{406669B4-AF94-4978-A9AC-218FC32194F2}"
EndProject
Global
	GlobalSection(SolutionConfigurationPlatforms) = preSolution
		Debug|Any CPU = Debug|Any CPU
		Release|Any CPU = Release|Any CPU
	EndGlobalSection
	GlobalSection(ProjectConfigurationPlatforms) = postSolution
		{406669B4-AF94-4978-A9AC-218FC32194F2}.Debug|Any CPU.ActiveCfg = Debug|Any CPU
		{406669B4-AF94-4978-A9AC-218FC32194F2}.Debug|Any CPU.Build.0 = Debug|Any CPU
		{406669B4-AF94-4978-A9AC-218FC32194F2}.Release|Any CPU.ActiveCfg = Release|Any CPU
		{406669B4-AF94-4978-A9AC-218FC32194F2}.Release|Any CPU.Build.0 = Release|Any CPU
	EndGlobalSection
	GlobalSection(SolutionProperties) = preSolution
		HideSolutionNode = FALSE
	EndGlobalSection
	GlobalSection(ExtensibilityGlobals) = postSolution
		SolutionGuid = {8ED76A1E-0B9E-43A7-8AA4-4A5E7D668706}
	EndGlobalSection
EndGlobal
